// !$*UTF8*$!
{
	archiveVersion = 1;
	classes = {
	};
	objectVersion = 46;
	objects = {

/* Begin PBXBuildFile section */
		185C3E6A1CDD8C5C002737E7 /* CSHierarchyView.m in Sources */ = {isa = PBXBuildFile; fileRef = 185C3E691CDD8C5C002737E7 /* CSHierarchyView.m */; };
		185C3E6D1CDD8CBB002737E7 /* CSNameNaviView.m in Sources */ = {isa = PBXBuildFile; fileRef = 185C3E6C1CDD8CBB002737E7 /* CSNameNaviView.m */; };
		189722041CDCCBBB009D1668 /* main.m in Sources */ = {isa = PBXBuildFile; fileRef = 189722031CDCCBBB009D1668 /* main.m */; };
		189722071CDCCBBB009D1668 /* AppDelegate.m in Sources */ = {isa = PBXBuildFile; fileRef = 189722061CDCCBBB009D1668 /* AppDelegate.m */; };
		1897220A1CDCCBBB009D1668 /* ViewController.m in Sources */ = {isa = PBXBuildFile; fileRef = 189722091CDCCBBB009D1668 /* ViewController.m */; };
		1897220D1CDCCBBB009D1668 /* Main.storyboard in Resources */ = {isa = PBXBuildFile; fileRef = 1897220B1CDCCBBB009D1668 /* Main.storyboard */; };
		1897220F1CDCCBBB009D1668 /* Assets.xcassets in Resources */ = {isa = PBXBuildFile; fileRef = 1897220E1CDCCBBB009D1668 /* Assets.xcassets */; };
		189722121CDCCBBB009D1668 /* LaunchScreen.storyboard in Resources */ = {isa = PBXBuildFile; fileRef = 189722101CDCCBBB009D1668 /* LaunchScreen.storyboard */; };
		18AE5C651CDF0BCD00055936 /* CSHierarchyOneTableView.m in Sources */ = {isa = PBXBuildFile; fileRef = 18AE5C641CDF0BCD00055936 /* CSHierarchyOneTableView.m */; };
/* End PBXBuildFile section */

/* Begin PBXFileReference section */
		185C3E681CDD8C5C002737E7 /* CSHierarchyView.h */ = {isa = PBXFileReference; fileEncoding = 4; lastKnownFileType = sourcecode.c.h; path = CSHierarchyView.h; sourceTree = "<group>"; };
		185C3E691CDD8C5C002737E7 /* CSHierarchyView.m */ = {isa = PBXFileReference; fileEncoding = 4; lastKnownFileType = sourcecode.c.objc; path = CSHierarchyView.m; sourceTree = "<group>"; };
		185C3E6B1CDD8CBB002737E7 /* CSNameNaviView.h */ = {isa = PBXFileReference; fileEncoding = 4; lastKnownFileType = sourcecode.c.h; path = CSNameNaviView.h; sourceTree = "<group>"; };
		185C3E6C1CDD8CBB002737E7 /* CSNameNaviView.m */ = {isa = PBXFileReference; fileEncoding = 4; lastKnownFileType = sourcecode.c.objc; path = CSNameNaviView.m; sourceTree = "<group>"; };
		189721FF1CDCCBBB009D1668 /* CSHierarchyView.app */ = {isa = PBXFileReference; explicitFileType = wrapper.application; includeInIndex = 0; path = CSHierarchyView.app; sourceTree = BUILT_PRODUCTS_DIR; };
		189722031CDCCBBB009D1668 /* main.m */ = {isa = PBXFileReference; lastKnownFileType = sourcecode.c.objc; path = main.m; sourceTree = "<group>"; };
		189722051CDCCBBB009D1668 /* AppDelegate.h */ = {isa = PBXFileReference; lastKnownFileType = sourcecode.c.h; path = AppDelegate.h; sourceTree = "<group>"; };
		189722061CDCCBBB009D1668 /* AppDelegate.m */ = {isa = PBXFileReference; lastKnownFileType = sourcecode.c.objc; path = AppDelegate.m; sourceTree = "<group>"; };
		189722081CDCCBBB009D1668 /* ViewController.h */ = {isa = PBXFileReference; lastKnownFileType = sourcecode.c.h; path = ViewController.h; sourceTree = "<group>"; };
		189722091CDCCBBB009D1668 /* ViewController.m */ = {isa = PBXFileReference; lastKnownFileType = sourcecode.c.objc; path = ViewController.m; sourceTree = "<group>"; };
		1897220C1CDCCBBB009D1668 /* Base */ = {isa = PBXFileReference; lastKnownFileType = file.storyboard; name = Base; path = Base.lproj/Main.storyboard; sourceTree = "<group>"; };
		1897220E1CDCCBBB009D1668 /* Assets.xcassets */ = {isa = PBXFileReference; lastKnownFileType = folder.assetcatalog; path = Assets.xcassets; sourceTree = "<group>"; };
		189722111CDCCBBB009D1668 /* Base */ = {isa = PBXFileReference; lastKnownFileType = file.storyboard; name = Base; path = Base.lproj/LaunchScreen.storyboard; sourceTree = "<group>"; };
		189722131CDCCBBB009D1668 /* Info.plist */ = {isa = PBXFileReference; lastKnownFileType = text.plist.xml; path = Info.plist; sourceTree = "<group>"; };
		18AE5C631CDF0BCD00055936 /* CSHierarchyOneTableView.h */ = {isa = PBXFileReference; fileEncoding = 4; lastKnownFileType = sourcecode.c.h; path = CSHierarchyOneTableView.h; sourceTree = "<group>"; };
		18AE5C641CDF0BCD00055936 /* CSHierarchyOneTableView.m */ = {isa = PBXFileReference; fileEncoding = 4; lastKnownFileType = sourcecode.c.objc; path = CSHierarchyOneTableView.m; sourceTree = "<group>"; };
/* End PBXFileReference section */

/* Begin PBXFrameworksBuildPhase section */
		189721FC1CDCCBBB009D1668 /* Frameworks */ = {
			isa = PBXFrameworksBuildPhase;
			buildActionMask = 2147483647;
			files = (
			);
			runOnlyForDeploymentPostprocessing = 0;
		};
/* End PBXFrameworksBuildPhase section */

/* Begin PBXGroup section */
		185C3E671CDD8C41002737E7 /* HierarchyView */ = {
			isa = PBXGroup;
			children = (
				18AE5C631CDF0BCD00055936 /* CSHierarchyOneTableView.h */,
				18AE5C641CDF0BCD00055936 /* CSHierarchyOneTableView.m */,
				185C3E681CDD8C5C002737E7 /* CSHierarchyView.h */,
				185C3E691CDD8C5C002737E7 /* CSHierarchyView.m */,
				185C3E6B1CDD8CBB002737E7 /* CSNameNaviView.h */,
				185C3E6C1CDD8CBB002737E7 /* CSNameNaviView.m */,
			);
			path = HierarchyView;
			sourceTree = SOURCE_ROOT;
		};
		189721F61CDCCBBB009D1668 = {
			isa = PBXGroup;
			children = (
				189722011CDCCBBB009D1668 /* CSHierarchyView */,
				189722001CDCCBBB009D1668 /* Products */,
			);
			sourceTree = "<group>";
		};
		189722001CDCCBBB009D1668 /* Products */ = {
			isa = PBXGroup;
			children = (
				189721FF1CDCCBBB009D1668 /* CSHierarchyView.app */,
			);
			name = Products;
			sourceTree = "<group>";
		};
		189722011CDCCBBB009D1668 /* CSHierarchyView */ = {
			isa = PBXGroup;
			children = (
				185C3E671CDD8C41002737E7 /* HierarchyView */,
				189722051CDCCBBB009D1668 /* AppDelegate.h */,
				189722061CDCCBBB009D1668 /* AppDelegate.m */,
				189722081CDCCBBB009D1668 /* ViewController.h */,
				189722091CDCCBBB009D1668 /* ViewController.m */,
				1897220B1CDCCBBB009D1668 /* Main.storyboard */,
				1897220E1CDCCBBB009D1668 /* Assets.xcassets */,
				189722101CDCCBBB009D1668 /* LaunchScreen.storyboard */,
				189722131CDCCBBB009D1668 /* Info.plist */,
				189722021CDCCBBB009D1668 /* Supporting Files */,
			);
			path = CSHierarchyView;
			sourceTree = "<group>";
		};
		189722021CDCCBBB009D1668 /* Supporting Files */ = {
			isa = PBXGroup;
			children = (
				189722031CDCCBBB009D1668 /* main.m */,
			);
			name = "Supporting Files";
			sourceTree = "<group>";
		};
/* End PBXGroup section */

/* Begin PBXNativeTarget section */
		189721FE1CDCCBBB009D1668 /* CSHierarchyView */ = {
			isa = PBXNativeTarget;
			buildConfigurationList = 189722161CDCCBBB009D1668 /* Build configuration list for PBXNativeTarget "CSHierarchyView" */;
			buildPhases = (
				189721FB1CDCCBBB009D1668 /* Sources */,
				189721FC1CDCCBBB009D1668 /* Frameworks */,
				189721FD1CDCCBBB009D1668 /* Resources */,
			);
			buildRules = (
			);
			dependencies = (
			);
			name = CSHierarchyView;
			productName = CSHierarchyView;
			productReference = 189721FF1CDCCBBB009D1668 /* CSHierarchyView.app */;
			productType = "com.apple.product-type.application";
		};
/* End PBXNativeTarget section */

/* Begin PBXProject section */
		189721F71CDCCBBB009D1668 /* Project object */ = {
			isa = PBXProject;
			attributes = {
				LastUpgradeCheck = 0730;
				ORGANIZATIONNAME = e3mo;
				TargetAttributes = {
					189721FE1CDCCBBB009D1668 = {
						CreatedOnToolsVersion = 7.3;
					};
				};
			};
			buildConfigurationList = 189721FA1CDCCBBB009D1668 /* Build configuration list for PBXProject "CSHierarchyView" */;
			compatibilityVersion = "Xcode 3.2";
			developmentRegion = English;
			hasScannedForEncodings = 0;
			knownRegions = (
				en,
				Base,
			);
			mainGroup = 189721F61CDCCBBB009D1668;
			productRefGroup = 189722001CDCCBBB009D1668 /* Products */;
			projectDirPath = "";
			projectRoot = "";
			targets = (
				189721FE1CDCCBBB009D1668 /* CSHierarchyView */,
			);
		};
/* End PBXProject section */

/* Begin PBXResourcesBuildPhase section */
		189721FD1CDCCBBB009D1668 /* Resources */ = {
			isa = PBXResourcesBuildPhase;
			buildActionMask = 2147483647;
			files = (
				189722121CDCCBBB009D1668 /* LaunchScreen.storyboard in Resources */,
				1897220F1CDCCBBB009D1668 /* Assets.xcassets in Resources */,
				1897220D1CDCCBBB009D1668 /* Main.storyboard in Resources */,
			);
			runOnlyForDeploymentPostprocessing = 0;
		};
/* End PBXResourcesBuildPhase section */

/* Begin PBXSourcesBuildPhase section */
		189721FB1CDCCBBB009D1668 /* Sources */ = {
			isa = PBXSourcesBuildPhase;
			buildActionMask = 2147483647;
			files = (
				185C3E6A1CDD8C5C002737E7 /* CSHierarchyView.m in Sources */,
				1897220A1CDCCBBB009D1668 /* ViewController.m in Sources */,
				189722071CDCCBBB009D1668 /* AppDelegate.m in Sources */,
				185C3E6D1CDD8CBB002737E7 /* CSNameNaviView.m in Sources */,
				18AE5C651CDF0BCD00055936 /* CSHierarchyOneTableView.m in Sources */,
				189722041CDCCBBB009D1668 /* main.m in Sources */,
			);
			runOnlyForDeploymentPostprocessing = 0;
		};
/* End PBXSourcesBuildPhase section */

/* Begin PBXVariantGroup section */
		1897220B1CDCCBBB009D1668 /* Main.storyboard */ = {
			isa = PBXVariantGroup;
			children = (
				1897220C1CDCCBBB009D1668 /* Base */,
			);
			name = Main.storyboard;
			sourceTree = "<group>";
		};
		189722101CDCCBBB009D1668 /* LaunchScreen.storyboard */ = {
			isa = PBXVariantGroup;
			children = (
				189722111CDCCBBB009D1668 /* Base */,
			);
			name = LaunchScreen.storyboard;
			sourceTree = "<group>";
		};
/* End PBXVariantGroup section */

/* Begin XCBuildConfiguration section */
		189722141CDCCBBB009D1668 /* Debug */ = {
			isa = XCBuildConfiguration;
			buildSettings = {
				ALWAYS_SEARCH_USER_PATHS = NO;
				CLANG_ANALYZER_NONNULL = YES;
				CLANG_CXX_LANGUAGE_STANDARD = "gnu++0x";
				CLANG_CXX_LIBRARY = "libc++";
				CLANG_ENABLE_MODULES = YES;
				CLANG_ENABLE_OBJC_ARC = YES;
				CLANG_WARN_BOOL_CONVERSION = YES;
				CLANG_WARN_CONSTANT_CONVERSION = YES;
				CLANG_WARN_DIRECT_OBJC_ISA_USAGE = YES_ERROR;
				CLANG_WARN_EMPTY_BODY = YES;
				CLANG_WARN_ENUM_CONVERSION = YES;
				CLANG_WARN_INT_CONVERSION = YES;
				CLANG_WARN_OBJC_ROOT_CLASS = YES_ERROR;
				CLANG_WARN_UNREACHABLE_CODE = YES;
				CLANG_WARN__DUPLICATE_METHOD_MATCH = YES;
				"CODE_SIGN_IDENTITY[sdk=iphoneos*]" = "iPhone Developer";
				COPY_PHASE_STRIP = NO;
				DEBUG_INFORMATION_FORMAT = dwarf;
				ENABLE_STRICT_OBJC_MSGSEND = YES;
				ENABLE_TESTABILITY = YES;
				GCC_C_LANGUAGE_STANDARD = gnu99;
				GCC_DYNAMIC_NO_PIC = NO;
				GCC_NO_COMMON_BLOCKS = YES;
				GCC_OPTIMIZATION_LEVEL = 0;
				GCC_PREPROCESSOR_DEFINITIONS = (
					"DEBUG=1",
					"$(inherited)",
				);
				GCC_WARN_64_TO_32_BIT_CONVERSION = YES;
				GCC_WARN_ABOUT_RETURN_TYPE = YES_ERROR;
				GCC_WARN_UNDECLARED_SELECTOR = YES;
				GCC_WARN_UNINITIALIZED_AUTOS = YES_AGGRESSIVE;
				GCC_WARN_UNUSED_FUNCTION = YES;
				GCC_WARN_UNUSED_VARIABLE = YES;
				IPHONEOS_DEPLOYMENT_TARGET = 9.3;
				MTL_ENABLE_DEBUG_INFO = YES;
				ONLY_ACTIVE_ARCH = YES;
				SDKROOT = iphoneos;
			};
			name = Debug;
		};
		189722151CDCCBBB009D1668 /* Release */ = {
			isa = XCBuildConfiguration;
			buildSettings = {
				ALWAYS_SEARCH_USER_PATHS = NO;
				CLANG_ANALYZER_NONNULL = YES;
				CLANG_CXX_LANGUAGE_STANDARD = "gnu++0x";
				CLANG_CXX_LIBRARY = "libc++";
				CLANG_ENABLE_MODULES = YES;
				CLANG_ENABLE_OBJC_ARC = YES;
				CLANG_WARN_BOOL_CONVERSION = YES;
				CLANG_WARN_CONSTANT_CONVERSION = YES;
				CLANG_WARN_DIRECT_OBJC_ISA_USAGE = YES_ERROR;
				CLANG_WARN_EMPTY_BODY = YES;
				CLANG_WARN_ENUM_CONVERSION = YES;
				CLANG_WARN_INT_CONVERSION = YES;
				CLANG_WARN_OBJC_ROOT_CLASS = YES_ERROR;
				CLANG_WARN_UNREACHABLE_CODE = YES;
				CLANG_WARN__DUPLICATE_METHOD_MATCH = YES;
				"CODE_SIGN_IDENTITY[sdk=iphoneos*]" = "iPhone Developer";
				COPY_PHASE_STRIP = NO;
				DEBUG_INFORMATION_FORMAT = "dwarf-with-dsym";
				ENABLE_NS_ASSERTIONS = NO;
				ENABLE_STRICT_OBJC_MSGSEND = YES;
				GCC_C_LANGUAGE_STANDARD = gnu99;
				GCC_NO_COMMON_BLOCKS = YES;
				GCC_WARN_64_TO_32_BIT_CONVERSION = YES;
				GCC_WARN_ABOUT_RETURN_TYPE = YES_ERROR;
				GCC_WARN_UNDECLARED_SELECTOR = YES;
				GCC_WARN_UNINITIALIZED_AUTOS = YES_AGGRESSIVE;
				GCC_WARN_UNUSED_FUNCTION = YES;
				GCC_WARN_UNUSED_VARIABLE = YES;
				IPHONEOS_DEPLOYMENT_TARGET = 9.3;
				MTL_ENABLE_DEBUG_INFO = NO;
				SDKROOT = iphoneos;
				VALIDATE_PRODUCT = YES;
			};
			name = Release;
		};
		189722171CDCCBBB009D1668 /* Debug */ = {
			isa = XCBuildConfiguration;
			buildSettings = {
				ASSETCATALOG_COMPILER_APPICON_NAME = AppIcon;
				INFOPLIST_FILE = CSHierarchyView/Info.plist;
				IPHONEOS_DEPLOYMENT_TARGET = 6.0;
				LD_RUNPATH_SEARCH_PATHS = "$(inherited) @executable_path/Frameworks";
				PRODUCT_BUNDLE_IDENTIFIER = com.e3mo.CSHierarchyView;
				PRODUCT_NAME = "$(TARGET_NAME)";
				TARGETED_DEVICE_FAMILY = "1,2";
			};
			name = Debug;
		};
		189722181CDCCBBB009D1668 /* Release */ = {
			isa = XCBuildConfiguration;
			buildSettings = {
				ASSETCATALOG_COMPILER_APPICON_NAME = AppIcon;
				INFOPLIST_FILE = CSHierarchyView/Info.plist;
				IPHONEOS_DEPLOYMENT_TARGET = 6.0;
				LD_RUNPATH_SEARCH_PATHS = "$(inherited) @executable_path/Frameworks";
				PRODUCT_BUNDLE_IDENTIFIER = com.e3mo.CSHierarchyView;
				PRODUCT_NAME = "$(TARGET_NAME)";
				TARGETED_DEVICE_FAMILY = "1,2";
			};
			name = Release;
		};
/* End XCBuildConfiguration section */

/* Begin XCConfigurationList section */
		189721FA1CDCCBBB009D1668 /* Build configuration list for PBXProject "CSHierarchyView" */ = {
			isa = XCConfigurationList;
			buildConfigurations = (
				189722141CDCCBBB009D1668 /* Debug */,
				189722151CDCCBBB009D1668 /* Release */,
			);
			defaultConfigurationIsVisible = 0;
			defaultConfigurationName = Release;
		};
		189722161CDCCBBB009D1668 /* Build configuration list for PBXNativeTarget "CSHierarchyView" */ = {
			isa = XCConfigurationList;
			buildConfigurations = (
				189722171CDCCBBB009D1668 /* Debug */,
				189722181CDCCBBB009D1668 /* Release */,
			);
			defaultConfigurationIsVisible = 0;
			defaultConfigurationName = Release;
		};
/* End XCConfigurationList section */
	};
	rootObject = 189721F71CDCCBBB009D1668 /* Project object */;
}
